
Microsoft Visual Studio Solution File, Format Version 12.00
# Visual Studio Version 16
VisualStudioVersion = 16.0.30204.135
MinimumVisualStudioVersion = 10.0.40219.1
Project("{2150E333-8FDC-42A3-9474-1A3956D46DE8}") = "01_Presentation", "01_Presentation", "{2E497C7B-CC2F-4C8F-9CB7-61E89B2C1731}"
EndProject
Project("{2150E333-8FDC-42A3-9474-1A3956D46DE8}") = "02_Services", "02_Services", "{CC90ECCC-DE0D-41D3-A8E1-1B2EB1BF7E13}"
EndProject
Project("{2150E333-8FDC-42A3-9474-1A3956D46DE8}") = "06_Models", "06_Models", "{B7D92A6D-AA6A-40E1-B631-A152B8AE8688}"
EndProject
Project("{2150E333-8FDC-42A3-9474-1A3956D46DE8}") = "04_BusinessLogic", "04_BusinessLogic", "{9BA5FD47-4CBC-452E-AC27-0DDAC73F4CAD}"
EndProject
Project("{2150E333-8FDC-42A3-9474-1A3956D46DE8}") = "05_DataAccess", "05_DataAccess", "{138CB3D2-A1F9-43BD-A429-FFA4C2847633}"
EndProject
Project("{2150E333-8FDC-42A3-9474-1A3956D46DE8}") = "07_UnitTests", "07_UnitTests", "{AD6B2840-646E-4C4A-863E-975AF8D5B436}"
EndProject
Project("{FAE04EC0-301F-11D3-BF4B-00C04F79EFBC}") = "DataAccess", "DataAccess\DataAccess.csproj", "{71707ECB-24F4-4BA2-99A2-C854ACE0C21F}"
EndProject
Project("{FAE04EC0-301F-11D3-BF4B-00C04F79EFBC}") = "Models", "Models\Models.csproj", "{A05EDA67-E7E2-4FDF-BCDB-6246C47DDB9E}"
EndProject
Project("{2150E333-8FDC-42A3-9474-1A3956D46DE8}") = "08_Commons", "08_Commons", "{3120AC17-2282-4CAA-B716-A96ED10CC9A9}"
EndProject
Project("{FAE04EC0-301F-11D3-BF4B-00C04F79EFBC}") = "Commons", "Commons\Commons.csproj", "{DA81110E-4196-454E-9C50-6D7F431B0C1F}"
EndProject
Project("{FAE04EC0-301F-11D3-BF4B-00C04F79EFBC}") = "BusinessLogic", "BusinessLogic\BusinessLogic.csproj", "{FB95BCF7-AA9C-4EE9-A08C-17A8EDB5D82D}"
EndProject
Project("{FAE04EC0-301F-11D3-BF4B-00C04F79EFBC}") = "EmployeeWebApi", "EmployeeWebApi\EmployeeWebApi.csproj", "{F0A3BB42-325F-4960-82DF-80627CD55EED}"
EndProject
Project("{FAE04EC0-301F-11D3-BF4B-00C04F79EFBC}") = "EmployeeWeb", "EmployeeWeb\EmployeeWeb.csproj", "{67E3504B-1000-48E2-AF2E-8017E012DCF8}"
EndProject
Project("{FAE04EC0-301F-11D3-BF4B-00C04F79EFBC}") = "ModelsTest", "ModelsTest\ModelsTest.csproj", "{13A04915-0A48-452B-9513-C919C84D40D4}"
EndProject
Global
	GlobalSection(SolutionConfigurationPlatforms) = preSolution
		Debug|Any CPU = Debug|Any CPU
		Release|Any CPU = Release|Any CPU
	EndGlobalSection
	GlobalSection(ProjectConfigurationPlatforms) = postSolution
		{71707ECB-24F4-4BA2-99A2-C854ACE0C21F}.Debug|Any CPU.ActiveCfg = Debug|Any CPU
		{71707ECB-24F4-4BA2-99A2-C854ACE0C21F}.Debug|Any CPU.Build.0 = Debug|Any CPU
		{71707ECB-24F4-4BA2-99A2-C854ACE0C21F}.Release|Any CPU.ActiveCfg = Release|Any CPU
		{71707ECB-24F4-4BA2-99A2-C854ACE0C21F}.Release|Any CPU.Build.0 = Release|Any CPU
		{A05EDA67-E7E2-4FDF-BCDB-6246C47DDB9E}.Debug|Any CPU.ActiveCfg = Debug|Any CPU
		{A05EDA67-E7E2-4FDF-BCDB-6246C47DDB9E}.Debug|Any CPU.Build.0 = Debug|Any CPU
		{A05EDA67-E7E2-4FDF-BCDB-6246C47DDB9E}.Release|Any CPU.ActiveCfg = Release|Any CPU
		{A05EDA67-E7E2-4FDF-BCDB-6246C47DDB9E}.Release|Any CPU.Build.0 = Release|Any CPU
		{DA81110E-4196-454E-9C50-6D7F431B0C1F}.Debug|Any CPU.ActiveCfg = Debug|Any CPU
		{DA81110E-4196-454E-9C50-6D7F431B0C1F}.Debug|Any CPU.Build.0 = Debug|Any CPU
		{DA81110E-4196-454E-9C50-6D7F431B0C1F}.Release|Any CPU.ActiveCfg = Release|Any CPU
		{DA81110E-4196-454E-9C50-6D7F431B0C1F}.Release|Any CPU.Build.0 = Release|Any CPU
		{FB95BCF7-AA9C-4EE9-A08C-17A8EDB5D82D}.Debug|Any CPU.ActiveCfg = Debug|Any CPU
		{FB95BCF7-AA9C-4EE9-A08C-17A8EDB5D82D}.Debug|Any CPU.Build.0 = Debug|Any CPU
		{FB95BCF7-AA9C-4EE9-A08C-17A8EDB5D82D}.Release|Any CPU.ActiveCfg = Release|Any CPU
		{FB95BCF7-AA9C-4EE9-A08C-17A8EDB5D82D}.Release|Any CPU.Build.0 = Release|Any CPU
		{F0A3BB42-325F-4960-82DF-80627CD55EED}.Debug|Any CPU.ActiveCfg = Debug|Any CPU
		{F0A3BB42-325F-4960-82DF-80627CD55EED}.Debug|Any CPU.Build.0 = Debug|Any CPU
		{F0A3BB42-325F-4960-82DF-80627CD55EED}.Release|Any CPU.ActiveCfg = Release|Any CPU
		{F0A3BB42-325F-4960-82DF-80627CD55EED}.Release|Any CPU.Build.0 = Release|Any CPU
		{67E3504B-1000-48E2-AF2E-8017E012DCF8}.Debug|Any CPU.ActiveCfg = Debug|Any CPU
		{67E3504B-1000-48E2-AF2E-8017E012DCF8}.Debug|Any CPU.Build.0 = Debug|Any CPU
		{67E3504B-1000-48E2-AF2E-8017E012DCF8}.Release|Any CPU.ActiveCfg = Release|Any CPU
		{67E3504B-1000-48E2-AF2E-8017E012DCF8}.Release|Any CPU.Build.0 = Release|Any CPU
		{13A04915-0A48-452B-9513-C919C84D40D4}.Debug|Any CPU.ActiveCfg = Debug|Any CPU
		{13A04915-0A48-452B-9513-C919C84D40D4}.Debug|Any CPU.Build.0 = Debug|Any CPU
		{13A04915-0A48-452B-9513-C919C84D40D4}.Release|Any CPU.ActiveCfg = Release|Any CPU
		{13A04915-0A48-452B-9513-C919C84D40D4}.Release|Any CPU.Build.0 = Release|Any CPU
	EndGlobalSection
	GlobalSection(SolutionProperties) = preSolution
		HideSolutionNode = FALSE
	EndGlobalSection
	GlobalSection(NestedProjects) = preSolution
		{71707ECB-24F4-4BA2-99A2-C854ACE0C21F} = {138CB3D2-A1F9-43BD-A429-FFA4C2847633}
		{A05EDA67-E7E2-4FDF-BCDB-6246C47DDB9E} = {B7D92A6D-AA6A-40E1-B631-A152B8AE8688}
		{DA81110E-4196-454E-9C50-6D7F431B0C1F} = {3120AC17-2282-4CAA-B716-A96ED10CC9A9}
		{FB95BCF7-AA9C-4EE9-A08C-17A8EDB5D82D} = {9BA5FD47-4CBC-452E-AC27-0DDAC73F4CAD}
		{F0A3BB42-325F-4960-82DF-80627CD55EED} = {CC90ECCC-DE0D-41D3-A8E1-1B2EB1BF7E13}
		{67E3504B-1000-48E2-AF2E-8017E012DCF8} = {2E497C7B-CC2F-4C8F-9CB7-61E89B2C1731}
		{13A04915-0A48-452B-9513-C919C84D40D4} = {AD6B2840-646E-4C4A-863E-975AF8D5B436}
	EndGlobalSection
	GlobalSection(ExtensibilityGlobals) = postSolution
		SolutionGuid = {C3CC96F6-5E85-4F02-8617-E31BF9F9737E}
	EndGlobalSection
EndGlobal
